<?xml version="1.0" encoding="utf-8"?>
<Project ToolsVersion="4.0" xmlns="http://schemas.microsoft.com/developer/msbuild/2003">
  <ItemGroup>
    <Filter Include="DynamicHID">
      <UniqueIdentifier>{54423f64-6826-4dff-9f7d-614be004abaa}</UniqueIdentifier>
    </Filter>
  </ItemGroup>
  <ItemGroup>
    <ClCompile Include="$(MSBuildThisFileDirectory)DynamicHID\DynamicHID.cpp">
      <Filter>DynamicHID</Filter>
    </ClCompile>
    <ClCompile Include="$(MSBuildThisFileDirectory)Joystick.cpp" />
  </ItemGroup>
  <ItemGroup>
    <ClInclude Include="$(MSBuildThisFileDirectory)DynamicHID\DynamicHID.h">
      <Filter>DynamicHID</Filter>
    </ClInclude>
    <ClInclude Include="$(MSBuildThisFileDirectory)Joystick.h" />
  </ItemGroup>
</Project>